
Microsoft Visual Studio Solution File, Format Version 12.00
# Visual Studio Version 17
VisualStudioVersion = 17.10.35004.147
MinimumVisualStudioVersion = 10.0.40219.1
Project("{FAE04EC0-301F-11D3-BF4B-00C04F79EFBC}") = "GrpcGreeter", "GrpcGreeter\GrpcGreeter.csproj", "{B66F0B0B-148E-4D24-9113-F92B39E4DD7C}"
EndProject
Global
	GlobalSection(SolutionConfigurationPlatforms) = preSolution
		Debug|Any CPU = Debug|Any CPU
		Release|Any CPU = Release|Any CPU
	EndGlobalSection
	GlobalSection(ProjectConfigurationPlatforms) = postSolution
		{B66F0B0B-148E-4D24-9113-F92B39E4DD7C}.Debug|Any CPU.ActiveCfg = Debug|Any CPU
		{B66F0B0B-148E-4D24-9113-F92B39E4DD7C}.Debug|Any CPU.Build.0 = Debug|Any CPU
		{B66F0B0B-148E-4D24-9113-F92B39E4DD7C}.Release|Any CPU.ActiveCfg = Release|Any CPU
		{B66F0B0B-148E-4D24-9113-F92B39E4DD7C}.Release|Any CPU.Build.0 = Release|Any CPU
	EndGlobalSection
	GlobalSection(SolutionProperties) = preSolution
		HideSolutionNode = FALSE
	EndGlobalSection
	GlobalSection(ExtensibilityGlobals) = postSolution
		SolutionGuid = {91721108-FE2C-4206-A4A2-EE11E9B82B2C}
	EndGlobalSection
EndGlobal
