
Microsoft Visual Studio Solution File, Format Version 12.00
# Visual Studio Version 17
VisualStudioVersion = 17.8.34511.84
MinimumVisualStudioVersion = 10.0.40219.1
Project("{FAE04EC0-301F-11D3-BF4B-00C04F79EFBC}") = "Server", "Server.csproj", "{CF17E26F-CAB1-4359-B077-73024A1FA954}"
EndProject
Global
	GlobalSection(SolutionConfigurationPlatforms) = preSolution
		Debug|Any CPU = Debug|Any CPU
		Release|Any CPU = Release|Any CPU
	EndGlobalSection
	GlobalSection(ProjectConfigurationPlatforms) = postSolution
		{CF17E26F-CAB1-4359-B077-73024A1FA954}.Debug|Any CPU.ActiveCfg = Debug|Any CPU
		{CF17E26F-CAB1-4359-B077-73024A1FA954}.Debug|Any CPU.Build.0 = Debug|Any CPU
		{CF17E26F-CAB1-4359-B077-73024A1FA954}.Release|Any CPU.ActiveCfg = Release|Any CPU
		{CF17E26F-CAB1-4359-B077-73024A1FA954}.Release|Any CPU.Build.0 = Release|Any CPU
	EndGlobalSection
	GlobalSection(SolutionProperties) = preSolution
		HideSolutionNode = FALSE
	EndGlobalSection
	GlobalSection(ExtensibilityGlobals) = postSolution
		SolutionGuid = {8DBFCD55-2BFC-409F-8A14-FA6C93D3F6D1}
	EndGlobalSection
EndGlobal
